
Microsoft Visual Studio Solution File, Format Version 12.00
# Visual Studio Version 17
VisualStudioVersion = 17.10.35013.160
MinimumVisualStudioVersion = 10.0.40219.1
Project("{FAE04EC0-301F-11D3-BF4B-00C04F79EFBC}") = "WebAppADO", "WebAppADO\WebAppADO.csproj", "{1D80F2A0-6C20-4295-B2C8-D8C133580F3A}"
EndProject
Global
	GlobalSection(SolutionConfigurationPlatforms) = preSolution
		Debug|Any CPU = Debug|Any CPU
		Release|Any CPU = Release|Any CPU
	EndGlobalSection
	GlobalSection(ProjectConfigurationPlatforms) = postSolution
		{1D80F2A0-6C20-4295-B2C8-D8C133580F3A}.Debug|Any CPU.ActiveCfg = Debug|Any CPU
		{1D80F2A0-6C20-4295-B2C8-D8C133580F3A}.Debug|Any CPU.Build.0 = Debug|Any CPU
		{1D80F2A0-6C20-4295-B2C8-D8C133580F3A}.Release|Any CPU.ActiveCfg = Release|Any CPU
		{1D80F2A0-6C20-4295-B2C8-D8C133580F3A}.Release|Any CPU.Build.0 = Release|Any CPU
	EndGlobalSection
	GlobalSection(SolutionProperties) = preSolution
		HideSolutionNode = FALSE
	EndGlobalSection
	GlobalSection(ExtensibilityGlobals) = postSolution
		SolutionGuid = {5FC6602A-010D-4BBE-9736-EAA6EA85C3F3}
	EndGlobalSection
EndGlobal
